{
  "name": "app",
  "version": "1.0.0",
  "lockfileVersion": 3,
  "requires": true,
  "packages": {
    "": {
      "name": "app",
      "version": "1.0.0",
      "license": "ISC",
      "dependencies": {
        "random-name-test-package-igu": "^1.0.0"
      }
    },
    "node_modules/random-name-test-package-igu": {
      "version": "1.1.1",
      "resolved": "https://registry.npmjs.org/random-name-test-package-igu/-/random-name-test-package-igu-1.1.1.tgz",
      "integrity": "sha512-srXxBt/47vPP1c0enbLMt9WImq7dExWGQnMBBwUYPkU+zr24Qf3uKqZ2xZCXNcN1NOM0fOgM1VRX+9rgv9Nrqw==",
      "license": "ISC"
    }
  }
}
